
Microsoft Visual Studio Solution File, Format Version 12.00
# Visual Studio Version 16
VisualStudioVersion = 16.0.29926.136
MinimumVisualStudioVersion = 10.0.40219.1
Project("{FAE04EC0-301F-11D3-BF4B-00C04F79EFBC}") = "ProcurarVogal", "ProcurarVogal\ProcurarVogal.csproj", "{2B55E3FD-2DAE-4B6E-9DF5-170C1966B75C}"
EndProject
Project("{FAE04EC0-301F-11D3-BF4B-00C04F79EFBC}") = "ProcurarVogal.Testes", "ProcurarVogal.Testes\ProcurarVogal.Testes.csproj", "{69A42516-3D30-4B33-A099-C8A40F235964}"
EndProject
Global
	GlobalSection(SolutionConfigurationPlatforms) = preSolution
		Debug|Any CPU = Debug|Any CPU
		Release|Any CPU = Release|Any CPU
	EndGlobalSection
	GlobalSection(ProjectConfigurationPlatforms) = postSolution
		{2B55E3FD-2DAE-4B6E-9DF5-170C1966B75C}.Debug|Any CPU.ActiveCfg = Debug|Any CPU
		{2B55E3FD-2DAE-4B6E-9DF5-170C1966B75C}.Debug|Any CPU.Build.0 = Debug|Any CPU
		{2B55E3FD-2DAE-4B6E-9DF5-170C1966B75C}.Release|Any CPU.ActiveCfg = Release|Any CPU
		{2B55E3FD-2DAE-4B6E-9DF5-170C1966B75C}.Release|Any CPU.Build.0 = Release|Any CPU
		{69A42516-3D30-4B33-A099-C8A40F235964}.Debug|Any CPU.ActiveCfg = Debug|Any CPU
		{69A42516-3D30-4B33-A099-C8A40F235964}.Debug|Any CPU.Build.0 = Debug|Any CPU
		{69A42516-3D30-4B33-A099-C8A40F235964}.Release|Any CPU.ActiveCfg = Release|Any CPU
		{69A42516-3D30-4B33-A099-C8A40F235964}.Release|Any CPU.Build.0 = Release|Any CPU
	EndGlobalSection
	GlobalSection(SolutionProperties) = preSolution
		HideSolutionNode = FALSE
	EndGlobalSection
	GlobalSection(ExtensibilityGlobals) = postSolution
		SolutionGuid = {8208E4CB-7D9C-4594-B899-7FDCDE3021B8}
	EndGlobalSection
EndGlobal
